
Microsoft Visual Studio Solution File, Format Version 12.00
# Visual Studio Version 17
VisualStudioVersion = 17.5.33516.290
MinimumVisualStudioVersion = 10.0.40219.1
Project("{FAE04EC0-301F-11D3-BF4B-00C04F79EFBC}") = "Course", "Course\Course.csproj", "{A950D70E-35C1-44BD-BEFD-A8560CE5B75D}"
EndProject
Global
	GlobalSection(SolutionConfigurationPlatforms) = preSolution
		Debug|Any CPU = Debug|Any CPU
		Release|Any CPU = Release|Any CPU
	EndGlobalSection
	GlobalSection(ProjectConfigurationPlatforms) = postSolution
		{A950D70E-35C1-44BD-BEFD-A8560CE5B75D}.Debug|Any CPU.ActiveCfg = Debug|Any CPU
		{A950D70E-35C1-44BD-BEFD-A8560CE5B75D}.Debug|Any CPU.Build.0 = Debug|Any CPU
		{A950D70E-35C1-44BD-BEFD-A8560CE5B75D}.Release|Any CPU.ActiveCfg = Release|Any CPU
		{A950D70E-35C1-44BD-BEFD-A8560CE5B75D}.Release|Any CPU.Build.0 = Release|Any CPU
	EndGlobalSection
	GlobalSection(SolutionProperties) = preSolution
		HideSolutionNode = FALSE
	EndGlobalSection
	GlobalSection(ExtensibilityGlobals) = postSolution
		SolutionGuid = {76E956A3-867B-47DA-8B6E-52687BB3BCCF}
	EndGlobalSection
EndGlobal
